// !$*UTF8*$!
{
	archiveVersion = 1;
	classes = {
	};
	objectVersion = 56;
	objects = {

/* Begin PBXBuildFile section */
		3B14AFAC293A83CA00DB876A /* MainCollectionViewCell.swift in Sources */ = {isa = PBXBuildFile; fileRef = 3B14AFAB293A83CA00DB876A /* MainCollectionViewCell.swift */; };
		3B3047FC291BEA1000CD8BC8 /* JSONFile.swift in Sources */ = {isa = PBXBuildFile; fileRef = 3B3047FB291BEA1000CD8BC8 /* JSONFile.swift */; };
		3B3047FE291BEA4700CD8BC8 /* Parsing.swift in Sources */ = {isa = PBXBuildFile; fileRef = 3B3047FD291BEA4700CD8BC8 /* Parsing.swift */; };
		3B304802291BF55900CD8BC8 /* JejuInfoList.swift in Sources */ = {isa = PBXBuildFile; fileRef = 3B304801291BF55900CD8BC8 /* JejuInfoList.swift */; };
		3B304804291BF5AB00CD8BC8 /* JejuInFo.swift in Sources */ = {isa = PBXBuildFile; fileRef = 3B304803291BF5AB00CD8BC8 /* JejuInFo.swift */; };
		3B4122DB291F64E500035345 /* BinggraeSamanco-Bold.ttf in Resources */ = {isa = PBXBuildFile; fileRef = 3B4122D9291F64E500035345 /* BinggraeSamanco-Bold.ttf */; };
		3B4122DC291F64E500035345 /* mokwu.otf in Resources */ = {isa = PBXBuildFile; fileRef = 3B4122DA291F64E500035345 /* mokwu.otf */; };
		3B737D3E29162DB900EF6B3C /* AppDelegate.swift in Sources */ = {isa = PBXBuildFile; fileRef = 3B737D3D29162DB900EF6B3C /* AppDelegate.swift */; };
		3B737D4029162DB900EF6B3C /* SceneDelegate.swift in Sources */ = {isa = PBXBuildFile; fileRef = 3B737D3F29162DB900EF6B3C /* SceneDelegate.swift */; };
		3B737D4229162DB900EF6B3C /* MainViewController.swift in Sources */ = {isa = PBXBuildFile; fileRef = 3B737D4129162DB900EF6B3C /* MainViewController.swift */; };
		3B737D4529162DB900EF6B3C /* Main.storyboard in Resources */ = {isa = PBXBuildFile; fileRef = 3B737D4329162DB900EF6B3C /* Main.storyboard */; };
		3B737D4729162DBA00EF6B3C /* Assets.xcassets in Resources */ = {isa = PBXBuildFile; fileRef = 3B737D4629162DBA00EF6B3C /* Assets.xcassets */; };
		3B737D4A29162DBA00EF6B3C /* LaunchScreen.storyboard in Resources */ = {isa = PBXBuildFile; fileRef = 3B737D4829162DBA00EF6B3C /* LaunchScreen.storyboard */; };
		3B737D52291642FD00EF6B3C /* SecondViewController.swift in Sources */ = {isa = PBXBuildFile; fileRef = 3B737D51291642FD00EF6B3C /* SecondViewController.swift */; };
		3B737D542916432600EF6B3C /* ThirdViewController.swift in Sources */ = {isa = PBXBuildFile; fileRef = 3B737D532916432600EF6B3C /* ThirdViewController.swift */; };
		3B737D56291646C000EF6B3C /* Second.storyboard in Resources */ = {isa = PBXBuildFile; fileRef = 3B737D55291646C000EF6B3C /* Second.storyboard */; };
		3B737D582916558E00EF6B3C /* Third.storyboard in Resources */ = {isa = PBXBuildFile; fileRef = 3B737D572916558E00EF6B3C /* Third.storyboard */; };
		3B74CC51291E834600A91E71 /* ImageCacheManager.swift in Sources */ = {isa = PBXBuildFile; fileRef = 3B74CC50291E834600A91E71 /* ImageCacheManager.swift */; };
		3BB1E49F292535CD00D871BB /* CustomCollectionCell.swift in Sources */ = {isa = PBXBuildFile; fileRef = 3BB1E49E292535CD00D871BB /* CustomCollectionCell.swift */; };
		3BB1E4A12925451F00D871BB /* ThirdScreenCollectionViewCell.swift in Sources */ = {isa = PBXBuildFile; fileRef = 3BB1E4A02925451F00D871BB /* ThirdScreenCollectionViewCell.swift */; };
/* End PBXBuildFile section */

/* Begin PBXFileReference section */
		3B14AFAB293A83CA00DB876A /* MainCollectionViewCell.swift */ = {isa = PBXFileReference; lastKnownFileType = sourcecode.swift; path = MainCollectionViewCell.swift; sourceTree = "<group>"; };
		3B3047FB291BEA1000CD8BC8 /* JSONFile.swift */ = {isa = PBXFileReference; lastKnownFileType = sourcecode.swift; path = JSONFile.swift; sourceTree = "<group>"; };
		3B3047FD291BEA4700CD8BC8 /* Parsing.swift */ = {isa = PBXFileReference; lastKnownFileType = sourcecode.swift; path = Parsing.swift; sourceTree = "<group>"; };
		3B304801291BF55900CD8BC8 /* JejuInfoList.swift */ = {isa = PBXFileReference; lastKnownFileType = sourcecode.swift; path = JejuInfoList.swift; sourceTree = "<group>"; };
		3B304803291BF5AB00CD8BC8 /* JejuInFo.swift */ = {isa = PBXFileReference; lastKnownFileType = sourcecode.swift; path = JejuInFo.swift; sourceTree = "<group>"; };
		3B4122D9291F64E500035345 /* BinggraeSamanco-Bold.ttf */ = {isa = PBXFileReference; lastKnownFileType = file; path = "BinggraeSamanco-Bold.ttf"; sourceTree = "<group>"; };
		3B4122DA291F64E500035345 /* mokwu.otf */ = {isa = PBXFileReference; lastKnownFileType = file; path = mokwu.otf; sourceTree = "<group>"; };
		3B737D3A29162DB900EF6B3C /* Monttak_DragonGuard.app */ = {isa = PBXFileReference; explicitFileType = wrapper.application; includeInIndex = 0; path = Monttak_DragonGuard.app; sourceTree = BUILT_PRODUCTS_DIR; };
		3B737D3D29162DB900EF6B3C /* AppDelegate.swift */ = {isa = PBXFileReference; lastKnownFileType = sourcecode.swift; path = AppDelegate.swift; sourceTree = "<group>"; };
		3B737D3F29162DB900EF6B3C /* SceneDelegate.swift */ = {isa = PBXFileReference; lastKnownFileType = sourcecode.swift; path = SceneDelegate.swift; sourceTree = "<group>"; };
		3B737D4129162DB900EF6B3C /* MainViewController.swift */ = {isa = PBXFileReference; lastKnownFileType = sourcecode.swift; path = MainViewController.swift; sourceTree = "<group>"; };
		3B737D4429162DB900EF6B3C /* Base */ = {isa = PBXFileReference; lastKnownFileType = file.storyboard; name = Base; path = Base.lproj/Main.storyboard; sourceTree = "<group>"; };
		3B737D4629162DBA00EF6B3C /* Assets.xcassets */ = {isa = PBXFileReference; lastKnownFileType = folder.assetcatalog; path = Assets.xcassets; sourceTree = "<group>"; };
		3B737D4929162DBA00EF6B3C /* Base */ = {isa = PBXFileReference; lastKnownFileType = file.storyboard; name = Base; path = Base.lproj/LaunchScreen.storyboard; sourceTree = "<group>"; };
		3B737D4B29162DBA00EF6B3C /* Info.plist */ = {isa = PBXFileReference; lastKnownFileType = text.plist.xml; path = Info.plist; sourceTree = "<group>"; };
		3B737D51291642FD00EF6B3C /* SecondViewController.swift */ = {isa = PBXFileReference; lastKnownFileType = sourcecode.swift; path = SecondViewController.swift; sourceTree = "<group>"; };
		3B737D532916432600EF6B3C /* ThirdViewController.swift */ = {isa = PBXFileReference; lastKnownFileType = sourcecode.swift; path = ThirdViewController.swift; sourceTree = "<group>"; };
		3B737D55291646C000EF6B3C /* Second.storyboard */ = {isa = PBXFileReference; lastKnownFileType = file.storyboard; path = Second.storyboard; sourceTree = "<group>"; };
		3B737D572916558E00EF6B3C /* Third.storyboard */ = {isa = PBXFileReference; lastKnownFileType = file.storyboard; path = Third.storyboard; sourceTree = "<group>"; };
		3B74CC50291E834600A91E71 /* ImageCacheManager.swift */ = {isa = PBXFileReference; lastKnownFileType = sourcecode.swift; path = ImageCacheManager.swift; sourceTree = "<group>"; };
		3BB131DD29248BD8001489C0 /* Monttak_DragonGuard.entitlements */ = {isa = PBXFileReference; lastKnownFileType = text.plist.entitlements; path = Monttak_DragonGuard.entitlements; sourceTree = "<group>"; };
		3BB1E49E292535CD00D871BB /* CustomCollectionCell.swift */ = {isa = PBXFileReference; lastKnownFileType = sourcecode.swift; path = CustomCollectionCell.swift; sourceTree = "<group>"; };
		3BB1E4A02925451F00D871BB /* ThirdScreenCollectionViewCell.swift */ = {isa = PBXFileReference; lastKnownFileType = sourcecode.swift; path = ThirdScreenCollectionViewCell.swift; sourceTree = "<group>"; };
/* End PBXFileReference section */

/* Begin PBXFrameworksBuildPhase section */
		3B737D3729162DB900EF6B3C /* Frameworks */ = {
			isa = PBXFrameworksBuildPhase;
			buildActionMask = 2147483647;
			files = (
			);
			runOnlyForDeploymentPostprocessing = 0;
		};
/* End PBXFrameworksBuildPhase section */

/* Begin PBXGroup section */
		3B4122D8291F64BA00035345 /* Font */ = {
			isa = PBXGroup;
			children = (
				3B4122D9291F64E500035345 /* BinggraeSamanco-Bold.ttf */,
				3B4122DA291F64E500035345 /* mokwu.otf */,
			);
			path = Font;
			sourceTree = "<group>";
		};
		3B737D3129162DB900EF6B3C = {
			isa = PBXGroup;
			children = (
				3B4122D8291F64BA00035345 /* Font */,
				3B737D3C29162DB900EF6B3C /* Monttak_DragonGuard */,
				3B737D3B29162DB900EF6B3C /* Products */,
			);
			sourceTree = "<group>";
		};
		3B737D3B29162DB900EF6B3C /* Products */ = {
			isa = PBXGroup;
			children = (
				3B737D3A29162DB900EF6B3C /* Monttak_DragonGuard.app */,
			);
			name = Products;
			sourceTree = "<group>";
		};
		3B737D3C29162DB900EF6B3C /* Monttak_DragonGuard */ = {
			isa = PBXGroup;
			children = (
				3BB131DD29248BD8001489C0 /* Monttak_DragonGuard.entitlements */,
				3B74CC50291E834600A91E71 /* ImageCacheManager.swift */,
				3B737D3D29162DB900EF6B3C /* AppDelegate.swift */,
				3B737D3F29162DB900EF6B3C /* SceneDelegate.swift */,
				3B737D4129162DB900EF6B3C /* MainViewController.swift */,
				3B737D4329162DB900EF6B3C /* Main.storyboard */,
				3B737D572916558E00EF6B3C /* Third.storyboard */,
				3B737D55291646C000EF6B3C /* Second.storyboard */,
				3B737D532916432600EF6B3C /* ThirdViewController.swift */,
				3B737D51291642FD00EF6B3C /* SecondViewController.swift */,
				3BB1E49E292535CD00D871BB /* CustomCollectionCell.swift */,
				3BB1E4A02925451F00D871BB /* ThirdScreenCollectionViewCell.swift */,
				3B14AFAB293A83CA00DB876A /* MainCollectionViewCell.swift */,
				3B3047FD291BEA4700CD8BC8 /* Parsing.swift */,
				3B3047FB291BEA1000CD8BC8 /* JSONFile.swift */,
				3B304801291BF55900CD8BC8 /* JejuInfoList.swift */,
				3B304803291BF5AB00CD8BC8 /* JejuInFo.swift */,
				3B737D4629162DBA00EF6B3C /* Assets.xcassets */,
				3B737D4829162DBA00EF6B3C /* LaunchScreen.storyboard */,
				3B737D4B29162DBA00EF6B3C /* Info.plist */,
			);
			path = Monttak_DragonGuard;
			sourceTree = "<group>";
		};
/* End PBXGroup section */

/* Begin PBXNativeTarget section */
		3B737D3929162DB900EF6B3C /* Monttak_DragonGuard */ = {
			isa = PBXNativeTarget;
			buildConfigurationList = 3B737D4E29162DBA00EF6B3C /* Build configuration list for PBXNativeTarget "Monttak_DragonGuard" */;
			buildPhases = (
				3B737D3629162DB900EF6B3C /* Sources */,
				3B737D3729162DB900EF6B3C /* Frameworks */,
				3B737D3829162DB900EF6B3C /* Resources */,
			);
			buildRules = (
			);
			dependencies = (
			);
			name = Monttak_DragonGuard;
			productName = Monttak_DragonGuard;
			productReference = 3B737D3A29162DB900EF6B3C /* Monttak_DragonGuard.app */;
			productType = "com.apple.product-type.application";
		};
/* End PBXNativeTarget section */

/* Begin PBXProject section */
		3B737D3229162DB900EF6B3C /* Project object */ = {
			isa = PBXProject;
			attributes = {
				BuildIndependentTargetsInParallel = 1;
				LastSwiftUpdateCheck = 1400;
				LastUpgradeCheck = 1400;
				TargetAttributes = {
					3B737D3929162DB900EF6B3C = {
						CreatedOnToolsVersion = 14.0.1;
					};
				};
			};
			buildConfigurationList = 3B737D3529162DB900EF6B3C /* Build configuration list for PBXProject "Monttak_DragonGuard" */;
			compatibilityVersion = "Xcode 14.0";
			developmentRegion = en;
			hasScannedForEncodings = 0;
			knownRegions = (
				en,
				Base,
			);
			mainGroup = 3B737D3129162DB900EF6B3C;
			productRefGroup = 3B737D3B29162DB900EF6B3C /* Products */;
			projectDirPath = "";
			projectRoot = "";
			targets = (
				3B737D3929162DB900EF6B3C /* Monttak_DragonGuard */,
			);
		};
/* End PBXProject section */

/* Begin PBXResourcesBuildPhase section */
		3B737D3829162DB900EF6B3C /* Resources */ = {
			isa = PBXResourcesBuildPhase;
			buildActionMask = 2147483647;
			files = (
				3B737D56291646C000EF6B3C /* Second.storyboard in Resources */,
				3B4122DC291F64E500035345 /* mokwu.otf in Resources */,
				3B737D4A29162DBA00EF6B3C /* LaunchScreen.storyboard in Resources */,
				3B737D4729162DBA00EF6B3C /* Assets.xcassets in Resources */,
				3B4122DB291F64E500035345 /* BinggraeSamanco-Bold.ttf in Resources */,
				3B737D4529162DB900EF6B3C /* Main.storyboard in Resources */,
				3B737D582916558E00EF6B3C /* Third.storyboard in Resources */,
			);
			runOnlyForDeploymentPostprocessing = 0;
		};
/* End PBXResourcesBuildPhase section */

/* Begin PBXSourcesBuildPhase section */
		3B737D3629162DB900EF6B3C /* Sources */ = {
			isa = PBXSourcesBuildPhase;
			buildActionMask = 2147483647;
			files = (
				3B3047FE291BEA4700CD8BC8 /* Parsing.swift in Sources */,
				3B304804291BF5AB00CD8BC8 /* JejuInFo.swift in Sources */,
				3B737D52291642FD00EF6B3C /* SecondViewController.swift in Sources */,
				3BB1E49F292535CD00D871BB /* CustomCollectionCell.swift in Sources */,
				3BB1E4A12925451F00D871BB /* ThirdScreenCollectionViewCell.swift in Sources */,
				3B14AFAC293A83CA00DB876A /* MainCollectionViewCell.swift in Sources */,
				3B737D4229162DB900EF6B3C /* MainViewController.swift in Sources */,
				3B3047FC291BEA1000CD8BC8 /* JSONFile.swift in Sources */,
				3B737D542916432600EF6B3C /* ThirdViewController.swift in Sources */,
				3B737D3E29162DB900EF6B3C /* AppDelegate.swift in Sources */,
				3B304802291BF55900CD8BC8 /* JejuInfoList.swift in Sources */,
				3B74CC51291E834600A91E71 /* ImageCacheManager.swift in Sources */,
				3B737D4029162DB900EF6B3C /* SceneDelegate.swift in Sources */,
			);
			runOnlyForDeploymentPostprocessing = 0;
		};
/* End PBXSourcesBuildPhase section */

/* Begin PBXVariantGroup section */
		3B737D4329162DB900EF6B3C /* Main.storyboard */ = {
			isa = PBXVariantGroup;
			children = (
				3B737D4429162DB900EF6B3C /* Base */,
			);
			name = Main.storyboard;
			sourceTree = "<group>";
		};
		3B737D4829162DBA00EF6B3C /* LaunchScreen.storyboard */ = {
			isa = PBXVariantGroup;
			children = (
				3B737D4929162DBA00EF6B3C /* Base */,
			);
			name = LaunchScreen.storyboard;
			sourceTree = "<group>";
		};
/* End PBXVariantGroup section */

/* Begin XCBuildConfiguration section */
		3B737D4C29162DBA00EF6B3C /* Debug */ = {
			isa = XCBuildConfiguration;
			buildSettings = {
				ALWAYS_SEARCH_USER_PATHS = NO;
				CLANG_ANALYZER_NONNULL = YES;
				CLANG_ANALYZER_NUMBER_OBJECT_CONVERSION = YES_AGGRESSIVE;
				CLANG_CXX_LANGUAGE_STANDARD = "gnu++20";
				CLANG_ENABLE_MODULES = YES;
				CLANG_ENABLE_OBJC_ARC = YES;
				CLANG_ENABLE_OBJC_WEAK = YES;
				CLANG_WARN_BLOCK_CAPTURE_AUTORELEASING = YES;
				CLANG_WARN_BOOL_CONVERSION = YES;
				CLANG_WARN_COMMA = YES;
				CLANG_WARN_CONSTANT_CONVERSION = YES;
				CLANG_WARN_DEPRECATED_OBJC_IMPLEMENTATIONS = YES;
				CLANG_WARN_DIRECT_OBJC_ISA_USAGE = YES_ERROR;
				CLANG_WARN_DOCUMENTATION_COMMENTS = YES;
				CLANG_WARN_EMPTY_BODY = YES;
				CLANG_WARN_ENUM_CONVERSION = YES;
				CLANG_WARN_INFINITE_RECURSION = YES;
				CLANG_WARN_INT_CONVERSION = YES;
				CLANG_WARN_NON_LITERAL_NULL_CONVERSION = YES;
				CLANG_WARN_OBJC_IMPLICIT_RETAIN_SELF = YES;
				CLANG_WARN_OBJC_LITERAL_CONVERSION = YES;
				CLANG_WARN_OBJC_ROOT_CLASS = YES_ERROR;
				CLANG_WARN_QUOTED_INCLUDE_IN_FRAMEWORK_HEADER = YES;
				CLANG_WARN_RANGE_LOOP_ANALYSIS = YES;
				CLANG_WARN_STRICT_PROTOTYPES = YES;
				CLANG_WARN_SUSPICIOUS_MOVE = YES;
				CLANG_WARN_UNGUARDED_AVAILABILITY = YES_AGGRESSIVE;
				CLANG_WARN_UNREACHABLE_CODE = YES;
				CLANG_WARN__DUPLICATE_METHOD_MATCH = YES;
				COPY_PHASE_STRIP = NO;
				DEBUG_INFORMATION_FORMAT = dwarf;
				ENABLE_STRICT_OBJC_MSGSEND = YES;
				ENABLE_TESTABILITY = YES;
				GCC_C_LANGUAGE_STANDARD = gnu11;
				GCC_DYNAMIC_NO_PIC = NO;
				GCC_NO_COMMON_BLOCKS = YES;
				GCC_OPTIMIZATION_LEVEL = 0;
				GCC_PREPROCESSOR_DEFINITIONS = (
					"DEBUG=1",
					"$(inherited)",
				);
				GCC_WARN_64_TO_32_BIT_CONVERSION = YES;
				GCC_WARN_ABOUT_RETURN_TYPE = YES_ERROR;
				GCC_WARN_UNDECLARED_SELECTOR = YES;
				GCC_WARN_UNINITIALIZED_AUTOS = YES_AGGRESSIVE;
				GCC_WARN_UNUSED_FUNCTION = YES;
				GCC_WARN_UNUSED_VARIABLE = YES;
				IPHONEOS_DEPLOYMENT_TARGET = 16.0;
				MTL_ENABLE_DEBUG_INFO = INCLUDE_SOURCE;
				MTL_FAST_MATH = YES;
				ONLY_ACTIVE_ARCH = YES;
				SDKROOT = iphoneos;
				SWIFT_ACTIVE_COMPILATION_CONDITIONS = DEBUG;
				SWIFT_OPTIMIZATION_LEVEL = "-Onone";
			};
			name = Debug;
		};
		3B737D4D29162DBA00EF6B3C /* Release */ = {
			isa = XCBuildConfiguration;
			buildSettings = {
				ALWAYS_SEARCH_USER_PATHS = NO;
				CLANG_ANALYZER_NONNULL = YES;
				CLANG_ANALYZER_NUMBER_OBJECT_CONVERSION = YES_AGGRESSIVE;
				CLANG_CXX_LANGUAGE_STANDARD = "gnu++20";
				CLANG_ENABLE_MODULES = YES;
				CLANG_ENABLE_OBJC_ARC = YES;
				CLANG_ENABLE_OBJC_WEAK = YES;
				CLANG_WARN_BLOCK_CAPTURE_AUTORELEASING = YES;
				CLANG_WARN_BOOL_CONVERSION = YES;
				CLANG_WARN_COMMA = YES;
				CLANG_WARN_CONSTANT_CONVERSION = YES;
				CLANG_WARN_DEPRECATED_OBJC_IMPLEMENTATIONS = YES;
				CLANG_WARN_DIRECT_OBJC_ISA_USAGE = YES_ERROR;
				CLANG_WARN_DOCUMENTATION_COMMENTS = YES;
				CLANG_WARN_EMPTY_BODY = YES;
				CLANG_WARN_ENUM_CONVERSION = YES;
				CLANG_WARN_INFINITE_RECURSION = YES;
				CLANG_WARN_INT_CONVERSION = YES;
				CLANG_WARN_NON_LITERAL_NULL_CONVERSION = YES;
				CLANG_WARN_OBJC_IMPLICIT_RETAIN_SELF = YES;
				CLANG_WARN_OBJC_LITERAL_CONVERSION = YES;
				CLANG_WARN_OBJC_ROOT_CLASS = YES_ERROR;
				CLANG_WARN_QUOTED_INCLUDE_IN_FRAMEWORK_HEADER = YES;
				CLANG_WARN_RANGE_LOOP_ANALYSIS = YES;
				CLANG_WARN_STRICT_PROTOTYPES = YES;
				CLANG_WARN_SUSPICIOUS_MOVE = YES;
				CLANG_WARN_UNGUARDED_AVAILABILITY = YES_AGGRESSIVE;
				CLANG_WARN_UNREACHABLE_CODE = YES;
				CLANG_WARN__DUPLICATE_METHOD_MATCH = YES;
				COPY_PHASE_STRIP = NO;
				DEBUG_INFORMATION_FORMAT = "dwarf-with-dsym";
				ENABLE_NS_ASSERTIONS = NO;
				ENABLE_STRICT_OBJC_MSGSEND = YES;
				GCC_C_LANGUAGE_STANDARD = gnu11;
				GCC_NO_COMMON_BLOCKS = YES;
				GCC_WARN_64_TO_32_BIT_CONVERSION = YES;
				GCC_WARN_ABOUT_RETURN_TYPE = YES_ERROR;
				GCC_WARN_UNDECLARED_SELECTOR = YES;
				GCC_WARN_UNINITIALIZED_AUTOS = YES_AGGRESSIVE;
				GCC_WARN_UNUSED_FUNCTION = YES;
				GCC_WARN_UNUSED_VARIABLE = YES;
				IPHONEOS_DEPLOYMENT_TARGET = 16.0;
				MTL_ENABLE_DEBUG_INFO = NO;
				MTL_FAST_MATH = YES;
				SDKROOT = iphoneos;
				SWIFT_COMPILATION_MODE = wholemodule;
				SWIFT_OPTIMIZATION_LEVEL = "-O";
				VALIDATE_PRODUCT = YES;
			};
			name = Release;
		};
		3B737D4F29162DBA00EF6B3C /* Debug */ = {
			isa = XCBuildConfiguration;
			buildSettings = {
				ASSETCATALOG_COMPILER_APPICON_NAME = AppIcon;
				ASSETCATALOG_COMPILER_GLOBAL_ACCENT_COLOR_NAME = AccentColor;
				CODE_SIGN_ENTITLEMENTS = Monttak_DragonGuard/Monttak_DragonGuard.entitlements;
				CODE_SIGN_IDENTITY = "Apple Development";
				CODE_SIGN_STYLE = Automatic;
				CURRENT_PROJECT_VERSION = 1;
				DEVELOPMENT_TEAM = SN5J3DYFX4;
				GENERATE_INFOPLIST_FILE = YES;
				INFOPLIST_FILE = Monttak_DragonGuard/Info.plist;
				INFOPLIST_KEY_LSApplicationCategoryType = "public.app-category.travel";
				INFOPLIST_KEY_UIApplicationSupportsIndirectInputEvents = YES;
				INFOPLIST_KEY_UILaunchStoryboardName = LaunchScreen;
				INFOPLIST_KEY_UIMainStoryboardFile = Main;
				INFOPLIST_KEY_UISupportedInterfaceOrientations_iPad = "UIInterfaceOrientationPortrait UIInterfaceOrientationPortraitUpsideDown UIInterfaceOrientationLandscapeLeft UIInterfaceOrientationLandscapeRight";
				INFOPLIST_KEY_UISupportedInterfaceOrientations_iPhone = "UIInterfaceOrientationPortrait UIInterfaceOrientationLandscapeLeft UIInterfaceOrientationLandscapeRight";
				LD_RUNPATH_SEARCH_PATHS = (
					"$(inherited)",
					"@executable_path/Frameworks",
				);
				MARKETING_VERSION = 1.0;
				PRODUCT_BUNDLE_IDENTIFIER = "ComputerApplicationDesign.Monttak-DragonGuard";
				PRODUCT_NAME = "$(TARGET_NAME)";
				PROVISIONING_PROFILE_SPECIFIER = "";
				SWIFT_EMIT_LOC_STRINGS = YES;
				SWIFT_VERSION = 5.0;
				TARGETED_DEVICE_FAMILY = "1,2";
			};
			name = Debug;
		};
		3B737D5029162DBA00EF6B3C /* Release */ = {
			isa = XCBuildConfiguration;
			buildSettings = {
				ASSETCATALOG_COMPILER_APPICON_NAME = AppIcon;
				ASSETCATALOG_COMPILER_GLOBAL_ACCENT_COLOR_NAME = AccentColor;
				CODE_SIGN_ENTITLEMENTS = Monttak_DragonGuard/Monttak_DragonGuard.entitlements;
				CODE_SIGN_IDENTITY = "Apple Development";
				CODE_SIGN_STYLE = Automatic;
				CURRENT_PROJECT_VERSION = 1;
				DEVELOPMENT_TEAM = SN5J3DYFX4;
				GENERATE_INFOPLIST_FILE = YES;
				INFOPLIST_FILE = Monttak_DragonGuard/Info.plist;
				INFOPLIST_KEY_LSApplicationCategoryType = "public.app-category.travel";
				INFOPLIST_KEY_UIApplicationSupportsIndirectInputEvents = YES;
				INFOPLIST_KEY_UILaunchStoryboardName = LaunchScreen;
				INFOPLIST_KEY_UIMainStoryboardFile = Main;
				INFOPLIST_KEY_UISupportedInterfaceOrientations_iPad = "UIInterfaceOrientationPortrait UIInterfaceOrientationPortraitUpsideDown UIInterfaceOrientationLandscapeLeft UIInterfaceOrientationLandscapeRight";
				INFOPLIST_KEY_UISupportedInterfaceOrientations_iPhone = "UIInterfaceOrientationPortrait UIInterfaceOrientationLandscapeLeft UIInterfaceOrientationLandscapeRight";
				LD_RUNPATH_SEARCH_PATHS = (
					"$(inherited)",
					"@executable_path/Frameworks",
				);
				MARKETING_VERSION = 1.0;
				PRODUCT_BUNDLE_IDENTIFIER = "ComputerApplicationDesign.Monttak-DragonGuard";
				PRODUCT_NAME = "$(TARGET_NAME)";
				PROVISIONING_PROFILE_SPECIFIER = "";
				SWIFT_EMIT_LOC_STRINGS = YES;
				SWIFT_VERSION = 5.0;
				TARGETED_DEVICE_FAMILY = "1,2";
			};
			name = Release;
		};
/* End XCBuildConfiguration section */

/* Begin XCConfigurationList section */
		3B737D3529162DB900EF6B3C /* Build configuration list for PBXProject "Monttak_DragonGuard" */ = {
			isa = XCConfigurationList;
			buildConfigurations = (
				3B737D4C29162DBA00EF6B3C /* Debug */,
				3B737D4D29162DBA00EF6B3C /* Release */,
			);
			defaultConfigurationIsVisible = 0;
			defaultConfigurationName = Release;
		};
		3B737D4E29162DBA00EF6B3C /* Build configuration list for PBXNativeTarget "Monttak_DragonGuard" */ = {
			isa = XCConfigurationList;
			buildConfigurations = (
				3B737D4F29162DBA00EF6B3C /* Debug */,
				3B737D5029162DBA00EF6B3C /* Release */,
			);
			defaultConfigurationIsVisible = 0;
			defaultConfigurationName = Release;
		};
/* End XCConfigurationList section */
	};
	rootObject = 3B737D3229162DB900EF6B3C /* Project object */;
}
